
Microsoft Visual Studio Solution File, Format Version 12.00
# Visual Studio 15
VisualStudioVersion = 15.0.27130.2003
MinimumVisualStudioVersion = 10.0.40219.1
Project("{2150E333-8FDC-42A3-9474-1A3956D46DE8}") = "Engine", "Engine", "{DBB8C1C8-FCDA-4B9A-A2C5-FAC39D7D8E95}"
EndProject
Project("{2150E333-8FDC-42A3-9474-1A3956D46DE8}") = "Games", "Games", "{719A2306-015D-45CD-BB4D-E5F8ADBE9C11}"
EndProject
Project("{8BC9CEB8-8B4A-11D0-8D11-00A0C91BC942}") = "UE4", "Intermediate\ProjectFiles\UE4.vcxproj", "{8844768A-6413-49B9-A0EC-E3B394038961}"
EndProject
Project("{8BC9CEB8-8B4A-11D0-8D11-00A0C91BC942}") = "BuildingEscape", "Intermediate\ProjectFiles\BuildingEscape.vcxproj", "{400FE1DB-8DB9-45FE-B9BF-B2378AEB866D}"
EndProject
Global
	GlobalSection(SolutionConfigurationPlatforms) = preSolution
		DebugGame Editor|HTML5 = DebugGame Editor|HTML5
		DebugGame Editor|Win32 = DebugGame Editor|Win32
		DebugGame Editor|Win64 = DebugGame Editor|Win64
		DebugGame|HTML5 = DebugGame|HTML5
		DebugGame|Win32 = DebugGame|Win32
		DebugGame|Win64 = DebugGame|Win64
		Development Editor|HTML5 = Development Editor|HTML5
		Development Editor|Win32 = Development Editor|Win32
		Development Editor|Win64 = Development Editor|Win64
		Development|HTML5 = Development|HTML5
		Development|Win32 = Development|Win32
		Development|Win64 = Development|Win64
		Shipping|HTML5 = Shipping|HTML5
		Shipping|Win32 = Shipping|Win32
		Shipping|Win64 = Shipping|Win64
	EndGlobalSection
	GlobalSection(ProjectConfigurationPlatforms) = postSolution
		{8844768A-6413-49B9-A0EC-E3B394038961}.DebugGame Editor|HTML5.ActiveCfg = BuiltWithUnrealBuildTool|Win32
		{8844768A-6413-49B9-A0EC-E3B394038961}.DebugGame Editor|HTML5.Build.0 = BuiltWithUnrealBuildTool|Win32
		{8844768A-6413-49B9-A0EC-E3B394038961}.DebugGame Editor|Win32.ActiveCfg = BuiltWithUnrealBuildTool|Win32
		{8844768A-6413-49B9-A0EC-E3B394038961}.DebugGame Editor|Win32.Build.0 = BuiltWithUnrealBuildTool|Win32
		{8844768A-6413-49B9-A0EC-E3B394038961}.DebugGame Editor|Win64.ActiveCfg = BuiltWithUnrealBuildTool|Win32
		{8844768A-6413-49B9-A0EC-E3B394038961}.DebugGame Editor|Win64.Build.0 = BuiltWithUnrealBuildTool|Win32
		{8844768A-6413-49B9-A0EC-E3B394038961}.DebugGame|HTML5.ActiveCfg = BuiltWithUnrealBuildTool|Win32
		{8844768A-6413-49B9-A0EC-E3B394038961}.DebugGame|HTML5.Build.0 = BuiltWithUnrealBuildTool|Win32
		{8844768A-6413-49B9-A0EC-E3B394038961}.DebugGame|Win32.ActiveCfg = BuiltWithUnrealBuildTool|Win32
		{8844768A-6413-49B9-A0EC-E3B394038961}.DebugGame|Win32.Build.0 = BuiltWithUnrealBuildTool|Win32
		{8844768A-6413-49B9-A0EC-E3B394038961}.DebugGame|Win64.ActiveCfg = BuiltWithUnrealBuildTool|Win32
		{8844768A-6413-49B9-A0EC-E3B394038961}.DebugGame|Win64.Build.0 = BuiltWithUnrealBuildTool|Win32
		{8844768A-6413-49B9-A0EC-E3B394038961}.Development Editor|HTML5.ActiveCfg = BuiltWithUnrealBuildTool|Win32
		{8844768A-6413-49B9-A0EC-E3B394038961}.Development Editor|HTML5.Build.0 = BuiltWithUnrealBuildTool|Win32
		{8844768A-6413-49B9-A0EC-E3B394038961}.Development Editor|Win32.ActiveCfg = BuiltWithUnrealBuildTool|Win32
		{8844768A-6413-49B9-A0EC-E3B394038961}.Development Editor|Win32.Build.0 = BuiltWithUnrealBuildTool|Win32
		{8844768A-6413-49B9-A0EC-E3B394038961}.Development Editor|Win64.ActiveCfg = BuiltWithUnrealBuildTool|Win32
		{8844768A-6413-49B9-A0EC-E3B394038961}.Development Editor|Win64.Build.0 = BuiltWithUnrealBuildTool|Win32
		{8844768A-6413-49B9-A0EC-E3B394038961}.Development|HTML5.ActiveCfg = BuiltWithUnrealBuildTool|Win32
		{8844768A-6413-49B9-A0EC-E3B394038961}.Development|HTML5.Build.0 = BuiltWithUnrealBuildTool|Win32
		{8844768A-6413-49B9-A0EC-E3B394038961}.Development|Win32.ActiveCfg = BuiltWithUnrealBuildTool|Win32
		{8844768A-6413-49B9-A0EC-E3B394038961}.Development|Win32.Build.0 = BuiltWithUnrealBuildTool|Win32
		{8844768A-6413-49B9-A0EC-E3B394038961}.Development|Win64.ActiveCfg = BuiltWithUnrealBuildTool|Win32
		{8844768A-6413-49B9-A0EC-E3B394038961}.Development|Win64.Build.0 = BuiltWithUnrealBuildTool|Win32
		{8844768A-6413-49B9-A0EC-E3B394038961}.Shipping|HTML5.ActiveCfg = BuiltWithUnrealBuildTool|Win32
		{8844768A-6413-49B9-A0EC-E3B394038961}.Shipping|HTML5.Build.0 = BuiltWithUnrealBuildTool|Win32
		{8844768A-6413-49B9-A0EC-E3B394038961}.Shipping|Win32.ActiveCfg = BuiltWithUnrealBuildTool|Win32
		{8844768A-6413-49B9-A0EC-E3B394038961}.Shipping|Win32.Build.0 = BuiltWithUnrealBuildTool|Win32
		{8844768A-6413-49B9-A0EC-E3B394038961}.Shipping|Win64.ActiveCfg = BuiltWithUnrealBuildTool|Win32
		{8844768A-6413-49B9-A0EC-E3B394038961}.Shipping|Win64.Build.0 = BuiltWithUnrealBuildTool|Win32
		{400FE1DB-8DB9-45FE-B9BF-B2378AEB866D}.DebugGame Editor|HTML5.ActiveCfg = HTML5_DebugGame_Editor|Win32
		{400FE1DB-8DB9-45FE-B9BF-B2378AEB866D}.DebugGame Editor|Win32.ActiveCfg = DebugGame_Editor|Win32
		{400FE1DB-8DB9-45FE-B9BF-B2378AEB866D}.DebugGame Editor|Win64.ActiveCfg = DebugGame_Editor|x64
		{400FE1DB-8DB9-45FE-B9BF-B2378AEB866D}.DebugGame Editor|Win64.Build.0 = DebugGame_Editor|x64
		{400FE1DB-8DB9-45FE-B9BF-B2378AEB866D}.DebugGame|HTML5.ActiveCfg = HTML5_DebugGame_Game|Win32
		{400FE1DB-8DB9-45FE-B9BF-B2378AEB866D}.DebugGame|HTML5.Build.0 = HTML5_DebugGame_Game|Win32
		{400FE1DB-8DB9-45FE-B9BF-B2378AEB866D}.DebugGame|Win32.ActiveCfg = DebugGame_Game|Win32
		{400FE1DB-8DB9-45FE-B9BF-B2378AEB866D}.DebugGame|Win32.Build.0 = DebugGame_Game|Win32
		{400FE1DB-8DB9-45FE-B9BF-B2378AEB866D}.DebugGame|Win64.ActiveCfg = DebugGame_Game|x64
		{400FE1DB-8DB9-45FE-B9BF-B2378AEB866D}.DebugGame|Win64.Build.0 = DebugGame_Game|x64
		{400FE1DB-8DB9-45FE-B9BF-B2378AEB866D}.Development Editor|HTML5.ActiveCfg = HTML5_Development_Editor|Win32
		{400FE1DB-8DB9-45FE-B9BF-B2378AEB866D}.Development Editor|Win32.ActiveCfg = Development_Editor|Win32
		{400FE1DB-8DB9-45FE-B9BF-B2378AEB866D}.Development Editor|Win64.ActiveCfg = Development_Editor|x64
		{400FE1DB-8DB9-45FE-B9BF-B2378AEB866D}.Development Editor|Win64.Build.0 = Development_Editor|x64
		{400FE1DB-8DB9-45FE-B9BF-B2378AEB866D}.Development|HTML5.ActiveCfg = HTML5_Development_Game|Win32
		{400FE1DB-8DB9-45FE-B9BF-B2378AEB866D}.Development|HTML5.Build.0 = HTML5_Development_Game|Win32
		{400FE1DB-8DB9-45FE-B9BF-B2378AEB866D}.Development|Win32.ActiveCfg = Development_Game|Win32
		{400FE1DB-8DB9-45FE-B9BF-B2378AEB866D}.Development|Win32.Build.0 = Development_Game|Win32
		{400FE1DB-8DB9-45FE-B9BF-B2378AEB866D}.Development|Win64.ActiveCfg = Development_Game|x64
		{400FE1DB-8DB9-45FE-B9BF-B2378AEB866D}.Development|Win64.Build.0 = Development_Game|x64
		{400FE1DB-8DB9-45FE-B9BF-B2378AEB866D}.Shipping|HTML5.ActiveCfg = HTML5_Shipping_Game|Win32
		{400FE1DB-8DB9-45FE-B9BF-B2378AEB866D}.Shipping|HTML5.Build.0 = HTML5_Shipping_Game|Win32
		{400FE1DB-8DB9-45FE-B9BF-B2378AEB866D}.Shipping|Win32.ActiveCfg = Shipping_Game|Win32
		{400FE1DB-8DB9-45FE-B9BF-B2378AEB866D}.Shipping|Win32.Build.0 = Shipping_Game|Win32
		{400FE1DB-8DB9-45FE-B9BF-B2378AEB866D}.Shipping|Win64.ActiveCfg = Shipping_Game|x64
		{400FE1DB-8DB9-45FE-B9BF-B2378AEB866D}.Shipping|Win64.Build.0 = Shipping_Game|x64
	EndGlobalSection
	GlobalSection(SolutionProperties) = preSolution
		HideSolutionNode = FALSE
	EndGlobalSection
	GlobalSection(NestedProjects) = preSolution
		{8844768A-6413-49B9-A0EC-E3B394038961} = {DBB8C1C8-FCDA-4B9A-A2C5-FAC39D7D8E95}
		{400FE1DB-8DB9-45FE-B9BF-B2378AEB866D} = {719A2306-015D-45CD-BB4D-E5F8ADBE9C11}
	EndGlobalSection
	GlobalSection(ExtensibilityGlobals) = postSolution
		SolutionGuid = {C9DD948C-C5F9-4D80-BFD1-EEFEBEC80EFD}
	EndGlobalSection
EndGlobal
